
Microsoft Visual Studio Solution File, Format Version 12.00
# Visual Studio 15
VisualStudioVersion = 15.0.27130.2010
MinimumVisualStudioVersion = 10.0.40219.1
Project("{FAE04EC0-301F-11D3-BF4B-00C04F79EFBC}") = "WebAPIAsyncRequestsResearch", "WebAPIAsyncRequestsResearch\WebAPIAsyncRequestsResearch.csproj", "{0776779D-A634-4E3B-B57B-F790FD99B888}"
EndProject
Global
	GlobalSection(SolutionConfigurationPlatforms) = preSolution
		Debug|Any CPU = Debug|Any CPU
		Release|Any CPU = Release|Any CPU
	EndGlobalSection
	GlobalSection(ProjectConfigurationPlatforms) = postSolution
		{0776779D-A634-4E3B-B57B-F790FD99B888}.Debug|Any CPU.ActiveCfg = Debug|Any CPU
		{0776779D-A634-4E3B-B57B-F790FD99B888}.Debug|Any CPU.Build.0 = Debug|Any CPU
		{0776779D-A634-4E3B-B57B-F790FD99B888}.Release|Any CPU.ActiveCfg = Release|Any CPU
		{0776779D-A634-4E3B-B57B-F790FD99B888}.Release|Any CPU.Build.0 = Release|Any CPU
	EndGlobalSection
	GlobalSection(SolutionProperties) = preSolution
		HideSolutionNode = FALSE
	EndGlobalSection
	GlobalSection(ExtensibilityGlobals) = postSolution
		SolutionGuid = {EEE62FB8-BBC4-4958-9ED7-A0217EB90FE9}
	EndGlobalSection
EndGlobal
